actions/checkout	3d3c42e5aac5ba805825da76410c181273ba90b1	v7.0.1
actions/dependency-review-action	a1d282b36b6f3519aa1f3fc636f609c47dddb294	v5.0.0
actions/download-artifact	3e5f45b2cfb9172054b4087a40e8e0b5a5461e7c	v8.0.1
actions/setup-java	dd06d9cba3e5552c54d9f8ea23572deb30010f7c	v6.0.0
actions/upload-artifact	043fb46d1a93c77aae656e7c1c64a875d1fc6a0a	v7.0.1
aquasecurity/trivy-action	ed142fd0673e97e23eac54620cfb913e5ce36c25	v0.36.0
github/codeql-action/upload-sarif	cdf488f595d80d6e07e03d4674febd5ab45fa938	v4.37.9
gradle/actions/dependency-submission	9c971963bec38e04b3d30dcc455b5382be2fdbfb	v6.3.0
gradle/actions/setup-gradle	9c971963bec38e04b3d30dcc455b5382be2fdbfb	v6.3.0
grafana/setup-k6-action	db07bd9765aac508ef18982e52ab937fe633a065	v1.2.1
qodo-ai/pr-agent	4ebd5c5333c6ef21509e7304d27969eb825e6f22	v0.43.0
